{
  "name": "my-isochrone-app",
  "lockfileVersion": 3,
  "requires": true,
  "packages": {
    "": {
      "dependencies": {
        "leaflet-editable": "^1.3.0"
      }
    },
    "node_modules/leaflet-editable": {
      "version": "1.3.0",
      "resolved": "https://registry.npmjs.org/leaflet-editable/-/leaflet-editable-1.3.0.tgz",
      "integrity": "sha512-elXuUM6L3kjZsg3P6PV7SEYNBX0iDT3oG1vWVnfm5Axd2q8cUqDPQYkru++m7/bE4jL07OKeETdHE543K6zsbQ==",
      "license": "WTFPL"
    }
  }
}
